
Microsoft Visual Studio Solution File, Format Version 12.00
# Visual Studio 15
VisualStudioVersion = 15.0.27703.2047
MinimumVisualStudioVersion = 10.0.40219.1
Project("{9A19103F-16F7-4668-BE54-9A1E7A4F7556}") = "PubSubPattern.ConsoleApp", "PubSubPattern.ConsoleApp\PubSubPattern.ConsoleApp.csproj", "{445253F7-1749-48FA-817B-16F72B9EEC7F}"
EndProject
Project("{9A19103F-16F7-4668-BE54-9A1E7A4F7556}") = "PubSubPattern.Logic", "PubSubPattern.Logic\PubSubPattern.Logic.csproj", "{9213086A-57BE-4140-9249-263B6FC354C0}"
EndProject
Project("{9A19103F-16F7-4668-BE54-9A1E7A4F7556}") = "PubSubPattern.Logic.Tests", "PubSubPattern.Logic.Tests\PubSubPattern.Logic.Tests.csproj", "{AAB20384-4680-4119-8FC9-D2AA7488FDFD}"
EndProject
Global
	GlobalSection(SolutionConfigurationPlatforms) = preSolution
		Debug|Any CPU = Debug|Any CPU
		Release|Any CPU = Release|Any CPU
	EndGlobalSection
	GlobalSection(ProjectConfigurationPlatforms) = postSolution
		{445253F7-1749-48FA-817B-16F72B9EEC7F}.Debug|Any CPU.ActiveCfg = Debug|Any CPU
		{445253F7-1749-48FA-817B-16F72B9EEC7F}.Debug|Any CPU.Build.0 = Debug|Any CPU
		{445253F7-1749-48FA-817B-16F72B9EEC7F}.Release|Any CPU.ActiveCfg = Release|Any CPU
		{445253F7-1749-48FA-817B-16F72B9EEC7F}.Release|Any CPU.Build.0 = Release|Any CPU
		{9213086A-57BE-4140-9249-263B6FC354C0}.Debug|Any CPU.ActiveCfg = Debug|Any CPU
		{9213086A-57BE-4140-9249-263B6FC354C0}.Debug|Any CPU.Build.0 = Debug|Any CPU
		{9213086A-57BE-4140-9249-263B6FC354C0}.Release|Any CPU.ActiveCfg = Release|Any CPU
		{9213086A-57BE-4140-9249-263B6FC354C0}.Release|Any CPU.Build.0 = Release|Any CPU
		{AAB20384-4680-4119-8FC9-D2AA7488FDFD}.Debug|Any CPU.ActiveCfg = Debug|Any CPU
		{AAB20384-4680-4119-8FC9-D2AA7488FDFD}.Debug|Any CPU.Build.0 = Debug|Any CPU
		{AAB20384-4680-4119-8FC9-D2AA7488FDFD}.Release|Any CPU.ActiveCfg = Release|Any CPU
		{AAB20384-4680-4119-8FC9-D2AA7488FDFD}.Release|Any CPU.Build.0 = Release|Any CPU
	EndGlobalSection
	GlobalSection(SolutionProperties) = preSolution
		HideSolutionNode = FALSE
	EndGlobalSection
	GlobalSection(ExtensibilityGlobals) = postSolution
		SolutionGuid = {D0C4A9D4-6889-432F-8AB8-17BFE5908E5C}
	EndGlobalSection
EndGlobal
